// !$*UTF8*$!
{
	archiveVersion = 1;
	classes = {
	};
	objectVersion = 46;
	objects = {

/* Begin PBXBuildFile section */
		8B6D00081709C13700118F85 /* main.cpp in Sources */ = {isa = PBXBuildFile; fileRef = 8B6D00071709C13700118F85 /* main.cpp */; };
		8B6D000A1709C13700118F85 /* space_station_build.1 in CopyFiles */ = {isa = PBXBuildFile; fileRef = 8B6D00091709C13700118F85 /* space_station_build.1 */; };
/* End PBXBuildFile section */

/* Begin PBXCopyFilesBuildPhase section */
		8B6D00011709C13700118F85 /* CopyFiles */ = {
			isa = PBXCopyFilesBuildPhase;
			buildActionMask = 2147483647;
			dstPath = /usr/share/man/man1/;
			dstSubfolderSpec = 0;
			files = (
				8B6D000A1709C13700118F85 /* space_station_build.1 in CopyFiles */,
			);
			runOnlyForDeploymentPostprocessing = 1;
		};
/* End PBXCopyFilesBuildPhase section */

/* Begin PBXFileReference section */
		8B6D00031709C13700118F85 /* space-station-build */ = {isa = PBXFileReference; explicitFileType = "compiled.mach-o.executable"; includeInIndex = 0; path = "space-station-build"; sourceTree = BUILT_PRODUCTS_DIR; };
		8B6D00071709C13700118F85 /* main.cpp */ = {isa = PBXFileReference; lastKnownFileType = sourcecode.cpp.cpp; path = main.cpp; sourceTree = "<group>"; };
		8B6D00091709C13700118F85 /* space_station_build.1 */ = {isa = PBXFileReference; lastKnownFileType = text.man; path = space_station_build.1; sourceTree = "<group>"; };
/* End PBXFileReference section */

/* Begin PBXFrameworksBuildPhase section */
		8B6D00001709C13700118F85 /* Frameworks */ = {
			isa = PBXFrameworksBuildPhase;
			buildActionMask = 2147483647;
			files = (
			);
			runOnlyForDeploymentPostprocessing = 0;
		};
/* End PBXFrameworksBuildPhase section */

/* Begin PBXGroup section */
		8B6D00041709C13700118F85 /* Products */ = {
			isa = PBXGroup;
			children = (
				8B6D00031709C13700118F85 /* space-station-build */,
			);
			name = Products;
			sourceTree = "<group>";
		};
		8B6D00061709C13700118F85 /* space-station-build */ = {
			isa = PBXGroup;
			children = (
				8B6D00071709C13700118F85 /* main.cpp */,
				8B6D00091709C13700118F85 /* space_station_build.1 */,
			);
			path = "space-station-build";
			sourceTree = "<group>";
		};
		8B6DFFF81709C13700118F85 = {
			isa = PBXGroup;
			children = (
				8B6D00061709C13700118F85 /* space-station-build */,
				8B6D00041709C13700118F85 /* Products */,
			);
			sourceTree = "<group>";
		};
/* End PBXGroup section */

/* Begin PBXNativeTarget section */
		8B6D00021709C13700118F85 /* space-station-build */ = {
			isa = PBXNativeTarget;
			buildConfigurationList = 8B6D000D1709C13700118F85 /* Build configuration list for PBXNativeTarget "space-station-build" */;
			buildPhases = (
				8B6DFFFF1709C13700118F85 /* Sources */,
				8B6D00001709C13700118F85 /* Frameworks */,
				8B6D00011709C13700118F85 /* CopyFiles */,
			);
			buildRules = (
			);
			dependencies = (
			);
			name = "space-station-build";
			productName = "space-station-build";
			productReference = 8B6D00031709C13700118F85 /* space-station-build */;
			productType = "com.apple.product-type.tool";
		};
/* End PBXNativeTarget section */

/* Begin PBXProject section */
		8B6DFFFA1709C13700118F85 /* Project object */ = {
			isa = PBXProject;
			attributes = {
				LastUpgradeCheck = 0450;
				ORGANIZATIONNAME = "Michael Lynch";
			};
			buildConfigurationList = 8B6DFFFD1709C13700118F85 /* Build configuration list for PBXProject "space-station-build" */;
			compatibilityVersion = "Xcode 3.2";
			developmentRegion = English;
			hasScannedForEncodings = 0;
			knownRegions = (
				en,
			);
			mainGroup = 8B6DFFF81709C13700118F85;
			productRefGroup = 8B6D00041709C13700118F85 /* Products */;
			projectDirPath = "";
			projectRoot = "";
			targets = (
				8B6D00021709C13700118F85 /* space-station-build */,
			);
		};
/* End PBXProject section */

/* Begin PBXSourcesBuildPhase section */
		8B6DFFFF1709C13700118F85 /* Sources */ = {
			isa = PBXSourcesBuildPhase;
			buildActionMask = 2147483647;
			files = (
				8B6D00081709C13700118F85 /* main.cpp in Sources */,
			);
			runOnlyForDeploymentPostprocessing = 0;
		};
/* End PBXSourcesBuildPhase section */

/* Begin XCBuildConfiguration section */
		8B6D000B1709C13700118F85 /* Debug */ = {
			isa = XCBuildConfiguration;
			buildSettings = {
				ALWAYS_SEARCH_USER_PATHS = NO;
				ARCHS = "$(ARCHS_STANDARD_64_BIT)";
				CLANG_CXX_LANGUAGE_STANDARD = "gnu++0x";
				CLANG_CXX_LIBRARY = "libc++";
				CLANG_WARN_EMPTY_BODY = YES;
				CLANG_WARN__DUPLICATE_METHOD_MATCH = YES;
				COPY_PHASE_STRIP = NO;
				GCC_C_LANGUAGE_STANDARD = gnu99;
				GCC_DYNAMIC_NO_PIC = NO;
				GCC_ENABLE_OBJC_EXCEPTIONS = YES;
				GCC_OPTIMIZATION_LEVEL = 0;
				GCC_PREPROCESSOR_DEFINITIONS = (
					"DEBUG=1",
					"$(inherited)",
				);
				GCC_SYMBOLS_PRIVATE_EXTERN = NO;
				GCC_WARN_64_TO_32_BIT_CONVERSION = YES;
				GCC_WARN_ABOUT_RETURN_TYPE = YES;
				GCC_WARN_UNINITIALIZED_AUTOS = YES;
				GCC_WARN_UNUSED_VARIABLE = YES;
				MACOSX_DEPLOYMENT_TARGET = 10.8;
				ONLY_ACTIVE_ARCH = YES;
				SDKROOT = macosx;
			};
			name = Debug;
		};
		8B6D000C1709C13700118F85 /* Release */ = {
			isa = XCBuildConfiguration;
			buildSettings = {
				ALWAYS_SEARCH_USER_PATHS = NO;
				ARCHS = "$(ARCHS_STANDARD_64_BIT)";
				CLANG_CXX_LANGUAGE_STANDARD = "gnu++0x";
				CLANG_CXX_LIBRARY = "libc++";
				CLANG_WARN_EMPTY_BODY = YES;
				CLANG_WARN__DUPLICATE_METHOD_MATCH = YES;
				COPY_PHASE_STRIP = YES;
				DEBUG_INFORMATION_FORMAT = "dwarf-with-dsym";
				GCC_C_LANGUAGE_STANDARD = gnu99;
				GCC_ENABLE_OBJC_EXCEPTIONS = YES;
				GCC_WARN_64_TO_32_BIT_CONVERSION = YES;
				GCC_WARN_ABOUT_RETURN_TYPE = YES;
				GCC_WARN_UNINITIALIZED_AUTOS = YES;
				GCC_WARN_UNUSED_VARIABLE = YES;
				MACOSX_DEPLOYMENT_TARGET = 10.8;
				SDKROOT = macosx;
			};
			name = Release;
		};
		8B6D000E1709C13700118F85 /* Debug */ = {
			isa = XCBuildConfiguration;
			buildSettings = {
				PRODUCT_NAME = "$(TARGET_NAME)";
			};
			name = Debug;
		};
		8B6D000F1709C13700118F85 /* Release */ = {
			isa = XCBuildConfiguration;
			buildSettings = {
				PRODUCT_NAME = "$(TARGET_NAME)";
			};
			name = Release;
		};
/* End XCBuildConfiguration section */

/* Begin XCConfigurationList section */
		8B6D000D1709C13700118F85 /* Build configuration list for PBXNativeTarget "space-station-build" */ = {
			isa = XCConfigurationList;
			buildConfigurations = (
				8B6D000E1709C13700118F85 /* Debug */,
				8B6D000F1709C13700118F85 /* Release */,
			);
			defaultConfigurationIsVisible = 0;
		};
		8B6DFFFD1709C13700118F85 /* Build configuration list for PBXProject "space-station-build" */ = {
			isa = XCConfigurationList;
			buildConfigurations = (
				8B6D000B1709C13700118F85 /* Debug */,
				8B6D000C1709C13700118F85 /* Release */,
			);
			defaultConfigurationIsVisible = 0;
			defaultConfigurationName = Release;
		};
/* End XCConfigurationList section */
	};
	rootObject = 8B6DFFFA1709C13700118F85 /* Project object */;
}
